
Microsoft Visual Studio Solution File, Format Version 12.00
# Visual Studio Version 16
VisualStudioVersion = 16.0.29123.89
MinimumVisualStudioVersion = 10.0.40219.1
Project("{8BC9CEB8-8B4A-11D0-8D11-00A0C91BC942}") = "NTT", "NTT\NTT.vcxproj", "{76E1E6BB-F9F8-4626-9819-13553C5CFFB1}"
EndProject
Global
	GlobalSection(SolutionConfigurationPlatforms) = preSolution
		Debug|x64 = Debug|x64
		Debug|x86 = Debug|x86
		Release|x64 = Release|x64
		Release|x86 = Release|x86
	EndGlobalSection
	GlobalSection(ProjectConfigurationPlatforms) = postSolution
		{76E1E6BB-F9F8-4626-9819-13553C5CFFB1}.Debug|x64.ActiveCfg = Debug|x64
		{76E1E6BB-F9F8-4626-9819-13553C5CFFB1}.Debug|x64.Build.0 = Debug|x64
		{76E1E6BB-F9F8-4626-9819-13553C5CFFB1}.Debug|x86.ActiveCfg = Debug|Win32
		{76E1E6BB-F9F8-4626-9819-13553C5CFFB1}.Debug|x86.Build.0 = Debug|Win32
		{76E1E6BB-F9F8-4626-9819-13553C5CFFB1}.Release|x64.ActiveCfg = Release|x64
		{76E1E6BB-F9F8-4626-9819-13553C5CFFB1}.Release|x64.Build.0 = Release|x64
		{76E1E6BB-F9F8-4626-9819-13553C5CFFB1}.Release|x86.ActiveCfg = Release|Win32
		{76E1E6BB-F9F8-4626-9819-13553C5CFFB1}.Release|x86.Build.0 = Release|Win32
	EndGlobalSection
	GlobalSection(SolutionProperties) = preSolution
		HideSolutionNode = FALSE
	EndGlobalSection
	GlobalSection(ExtensibilityGlobals) = postSolution
		SolutionGuid = {D8E20515-14BB-4DD7-8012-ECF177DBFFC3}
	EndGlobalSection
EndGlobal
